
Microsoft Visual Studio Solution File, Format Version 12.00
# Visual Studio Version 17
VisualStudioVersion = 17.4.33213.308
MinimumVisualStudioVersion = 10.0.40219.1
Project("{FAE04EC0-301F-11D3-BF4B-00C04F79EFBC}") = "TicTacToeV2", "TicTacToeV2\TicTacToeV2.csproj", "{020AE2C2-EF15-4DEE-AB04-042B56CB4185}"
EndProject
Global
	GlobalSection(SolutionConfigurationPlatforms) = preSolution
		Debug|Any CPU = Debug|Any CPU
		Release|Any CPU = Release|Any CPU
	EndGlobalSection
	GlobalSection(ProjectConfigurationPlatforms) = postSolution
		{020AE2C2-EF15-4DEE-AB04-042B56CB4185}.Debug|Any CPU.ActiveCfg = Debug|Any CPU
		{020AE2C2-EF15-4DEE-AB04-042B56CB4185}.Debug|Any CPU.Build.0 = Debug|Any CPU
		{020AE2C2-EF15-4DEE-AB04-042B56CB4185}.Release|Any CPU.ActiveCfg = Release|Any CPU
		{020AE2C2-EF15-4DEE-AB04-042B56CB4185}.Release|Any CPU.Build.0 = Release|Any CPU
	EndGlobalSection
	GlobalSection(SolutionProperties) = preSolution
		HideSolutionNode = FALSE
	EndGlobalSection
	GlobalSection(ExtensibilityGlobals) = postSolution
		SolutionGuid = {C486FD73-3F5D-4D66-BDC1-3A78EE42518F}
	EndGlobalSection
EndGlobal
